
Microsoft Visual Studio Solution File, Format Version 12.00
# Visual Studio Version 16
VisualStudioVersion = 16.0.29806.167
MinimumVisualStudioVersion = 10.0.40219.1
Project("{FAE04EC0-301F-11D3-BF4B-00C04F79EFBC}") = "BA_App", "BA_App\BA_App.csproj", "{2DDA25E3-C029-4B02-BBDF-1E157FFC7B13}"
EndProject
Project("{FAE04EC0-301F-11D3-BF4B-00C04F79EFBC}") = "BA_App.Data", "BA_App.Data\BA_App.Data.csproj", "{3435F412-5F17-4551-B30C-0C2B8D0EBD52}"
EndProject
Global
	GlobalSection(SolutionConfigurationPlatforms) = preSolution
		Debug|Any CPU = Debug|Any CPU
		Release|Any CPU = Release|Any CPU
	EndGlobalSection
	GlobalSection(ProjectConfigurationPlatforms) = postSolution
		{2DDA25E3-C029-4B02-BBDF-1E157FFC7B13}.Debug|Any CPU.ActiveCfg = Debug|Any CPU
		{2DDA25E3-C029-4B02-BBDF-1E157FFC7B13}.Debug|Any CPU.Build.0 = Debug|Any CPU
		{2DDA25E3-C029-4B02-BBDF-1E157FFC7B13}.Release|Any CPU.ActiveCfg = Release|Any CPU
		{2DDA25E3-C029-4B02-BBDF-1E157FFC7B13}.Release|Any CPU.Build.0 = Release|Any CPU
		{3435F412-5F17-4551-B30C-0C2B8D0EBD52}.Debug|Any CPU.ActiveCfg = Debug|Any CPU
		{3435F412-5F17-4551-B30C-0C2B8D0EBD52}.Debug|Any CPU.Build.0 = Debug|Any CPU
		{3435F412-5F17-4551-B30C-0C2B8D0EBD52}.Release|Any CPU.ActiveCfg = Release|Any CPU
		{3435F412-5F17-4551-B30C-0C2B8D0EBD52}.Release|Any CPU.Build.0 = Release|Any CPU
	EndGlobalSection
	GlobalSection(SolutionProperties) = preSolution
		HideSolutionNode = FALSE
	EndGlobalSection
	GlobalSection(ExtensibilityGlobals) = postSolution
		SolutionGuid = {C6103051-AD0C-4190-AD99-6DD565EE9C65}
	EndGlobalSection
EndGlobal
